
Microsoft Visual Studio Solution File, Format Version 12.00
# Visual Studio Version 17
VisualStudioVersion = 17.9.34701.34
MinimumVisualStudioVersion = 10.0.40219.1
Project("{FAE04EC0-301F-11D3-BF4B-00C04F79EFBC}") = "CodeStub4", "CodeStub4.csproj", "{0EE7C7B7-F2BF-46FB-9ED0-7C131CBA5FBE}"
EndProject
Global
	GlobalSection(SolutionConfigurationPlatforms) = preSolution
		Debug|Any CPU = Debug|Any CPU
		Release|Any CPU = Release|Any CPU
	EndGlobalSection
	GlobalSection(ProjectConfigurationPlatforms) = postSolution
		{0EE7C7B7-F2BF-46FB-9ED0-7C131CBA5FBE}.Debug|Any CPU.ActiveCfg = Debug|Any CPU
		{0EE7C7B7-F2BF-46FB-9ED0-7C131CBA5FBE}.Debug|Any CPU.Build.0 = Debug|Any CPU
		{0EE7C7B7-F2BF-46FB-9ED0-7C131CBA5FBE}.Release|Any CPU.ActiveCfg = Release|Any CPU
		{0EE7C7B7-F2BF-46FB-9ED0-7C131CBA5FBE}.Release|Any CPU.Build.0 = Release|Any CPU
	EndGlobalSection
	GlobalSection(SolutionProperties) = preSolution
		HideSolutionNode = FALSE
	EndGlobalSection
	GlobalSection(ExtensibilityGlobals) = postSolution
		SolutionGuid = {69EC87A5-FC71-480B-8F5C-931525445F9C}
	EndGlobalSection
EndGlobal
