
Microsoft Visual Studio Solution File, Format Version 12.00
# Visual Studio Version 17
VisualStudioVersion = 17.9.34701.34
MinimumVisualStudioVersion = 10.0.40219.1
Project("{FAE04EC0-301F-11D3-BF4B-00C04F79EFBC}") = "CodeStub5", "CodeStub5.csproj", "{9CE2C52E-C136-4CF2-AB70-977841F60831}"
EndProject
Global
	GlobalSection(SolutionConfigurationPlatforms) = preSolution
		Debug|Any CPU = Debug|Any CPU
		Release|Any CPU = Release|Any CPU
	EndGlobalSection
	GlobalSection(ProjectConfigurationPlatforms) = postSolution
		{9CE2C52E-C136-4CF2-AB70-977841F60831}.Debug|Any CPU.ActiveCfg = Debug|Any CPU
		{9CE2C52E-C136-4CF2-AB70-977841F60831}.Debug|Any CPU.Build.0 = Debug|Any CPU
		{9CE2C52E-C136-4CF2-AB70-977841F60831}.Release|Any CPU.ActiveCfg = Release|Any CPU
		{9CE2C52E-C136-4CF2-AB70-977841F60831}.Release|Any CPU.Build.0 = Release|Any CPU
	EndGlobalSection
	GlobalSection(SolutionProperties) = preSolution
		HideSolutionNode = FALSE
	EndGlobalSection
	GlobalSection(ExtensibilityGlobals) = postSolution
		SolutionGuid = {0BC02B9A-7837-492F-81A1-76202C4F87E6}
	EndGlobalSection
EndGlobal
